
Microsoft Visual Studio Solution File, Format Version 12.00
# Visual Studio 15
VisualStudioVersion = 15.0.28010.2050
MinimumVisualStudioVersion = 10.0.40219.1
Project("{9A19103F-16F7-4668-BE54-9A1E7A4F7556}") = "Xive", "src\Xive\Xive.csproj", "{39AA222B-CC01-4C1E-9E8F-7FEC01712273}"
EndProject
Project("{FAE04EC0-301F-11D3-BF4B-00C04F79EFBC}") = "Test.Xive", "tests\Test.Xive\Test.Xive.csproj", "{F8E0EF3C-B315-41AA-9701-C7925C803A96}"
EndProject
Global
	GlobalSection(SolutionConfigurationPlatforms) = preSolution
		Debug|Any CPU = Debug|Any CPU
		Release|Any CPU = Release|Any CPU
	EndGlobalSection
	GlobalSection(ProjectConfigurationPlatforms) = postSolution
		{39AA222B-CC01-4C1E-9E8F-7FEC01712273}.Debug|Any CPU.ActiveCfg = Debug|Any CPU
		{39AA222B-CC01-4C1E-9E8F-7FEC01712273}.Debug|Any CPU.Build.0 = Debug|Any CPU
		{39AA222B-CC01-4C1E-9E8F-7FEC01712273}.Release|Any CPU.ActiveCfg = Release|Any CPU
		{39AA222B-CC01-4C1E-9E8F-7FEC01712273}.Release|Any CPU.Build.0 = Release|Any CPU
		{F8E0EF3C-B315-41AA-9701-C7925C803A96}.Debug|Any CPU.ActiveCfg = Debug|Any CPU
		{F8E0EF3C-B315-41AA-9701-C7925C803A96}.Debug|Any CPU.Build.0 = Debug|Any CPU
		{F8E0EF3C-B315-41AA-9701-C7925C803A96}.Release|Any CPU.ActiveCfg = Release|Any CPU
		{F8E0EF3C-B315-41AA-9701-C7925C803A96}.Release|Any CPU.Build.0 = Release|Any CPU
	EndGlobalSection
	GlobalSection(SolutionProperties) = preSolution
		HideSolutionNode = FALSE
	EndGlobalSection
	GlobalSection(ExtensibilityGlobals) = postSolution
		SolutionGuid = {57571161-D211-4B10-BD5A-D23E7D25A72F}
	EndGlobalSection
EndGlobal
